
Microsoft Visual Studio Solution File, Format Version 12.00
# Visual Studio 15
VisualStudioVersion = 15.0.27130.2010
MinimumVisualStudioVersion = 10.0.40219.1
Project("{FAE04EC0-301F-11D3-BF4B-00C04F79EFBC}") = "Vianbo", "Vianbo\Vianbo.csproj", "{22043FEE-1169-491E-8412-2F8A2556C81A}"
EndProject
Global
	GlobalSection(SolutionConfigurationPlatforms) = preSolution
		Debug|Any CPU = Debug|Any CPU
		Release|Any CPU = Release|Any CPU
	EndGlobalSection
	GlobalSection(ProjectConfigurationPlatforms) = postSolution
		{22043FEE-1169-491E-8412-2F8A2556C81A}.Debug|Any CPU.ActiveCfg = Debug|Any CPU
		{22043FEE-1169-491E-8412-2F8A2556C81A}.Debug|Any CPU.Build.0 = Debug|Any CPU
		{22043FEE-1169-491E-8412-2F8A2556C81A}.Debug|Any CPU.Deploy.0 = Debug|Any CPU
		{22043FEE-1169-491E-8412-2F8A2556C81A}.Release|Any CPU.ActiveCfg = Release|Any CPU
		{22043FEE-1169-491E-8412-2F8A2556C81A}.Release|Any CPU.Build.0 = Release|Any CPU
		{22043FEE-1169-491E-8412-2F8A2556C81A}.Release|Any CPU.Deploy.0 = Release|Any CPU
	EndGlobalSection
	GlobalSection(SolutionProperties) = preSolution
		HideSolutionNode = FALSE
	EndGlobalSection
	GlobalSection(ExtensibilityGlobals) = postSolution
		SolutionGuid = {4C360674-5B64-4D21-BF11-991B28941B8F}
	EndGlobalSection
EndGlobal
